
Microsoft Visual Studio Solution File, Format Version 12.00
# Visual Studio 15
VisualStudioVersion = 15.0.28307.645
MinimumVisualStudioVersion = 10.0.40219.1
Project("{FAE04EC0-301F-11D3-BF4B-00C04F79EFBC}") = "LabClinico_9418202", "LabClinico_9418202\LabClinico_9418202.csproj", "{F1EB86BF-4C83-49CE-9870-A3818C8904FF}"
EndProject
Global
	GlobalSection(SolutionConfigurationPlatforms) = preSolution
		Debug|Any CPU = Debug|Any CPU
		Release|Any CPU = Release|Any CPU
	EndGlobalSection
	GlobalSection(ProjectConfigurationPlatforms) = postSolution
		{F1EB86BF-4C83-49CE-9870-A3818C8904FF}.Debug|Any CPU.ActiveCfg = Debug|Any CPU
		{F1EB86BF-4C83-49CE-9870-A3818C8904FF}.Debug|Any CPU.Build.0 = Debug|Any CPU
		{F1EB86BF-4C83-49CE-9870-A3818C8904FF}.Release|Any CPU.ActiveCfg = Release|Any CPU
		{F1EB86BF-4C83-49CE-9870-A3818C8904FF}.Release|Any CPU.Build.0 = Release|Any CPU
	EndGlobalSection
	GlobalSection(SolutionProperties) = preSolution
		HideSolutionNode = FALSE
	EndGlobalSection
	GlobalSection(ExtensibilityGlobals) = postSolution
		SolutionGuid = {2DF2D7D2-84E8-489D-8EF3-99F8F90EA062}
	EndGlobalSection
EndGlobal
